
Microsoft Visual Studio Solution File, Format Version 12.00
# Visual Studio Version 16
VisualStudioVersion = 16.0.28902.138
MinimumVisualStudioVersion = 10.0.40219.1
Project("{9A19103F-16F7-4668-BE54-9A1E7A4F7556}") = "DataFiscalLocal", "DataFiscalLocal\DataFiscalLocal.csproj", "{EBA1A0CB-9AA8-42F0-9213-A79189DB4310}"
EndProject
Global
	GlobalSection(SolutionConfigurationPlatforms) = preSolution
		Debug|Any CPU = Debug|Any CPU
		Release|Any CPU = Release|Any CPU
	EndGlobalSection
	GlobalSection(ProjectConfigurationPlatforms) = postSolution
		{EBA1A0CB-9AA8-42F0-9213-A79189DB4310}.Debug|Any CPU.ActiveCfg = Debug|Any CPU
		{EBA1A0CB-9AA8-42F0-9213-A79189DB4310}.Debug|Any CPU.Build.0 = Debug|Any CPU
		{EBA1A0CB-9AA8-42F0-9213-A79189DB4310}.Release|Any CPU.ActiveCfg = Release|Any CPU
		{EBA1A0CB-9AA8-42F0-9213-A79189DB4310}.Release|Any CPU.Build.0 = Release|Any CPU
	EndGlobalSection
	GlobalSection(SolutionProperties) = preSolution
		HideSolutionNode = FALSE
	EndGlobalSection
	GlobalSection(ExtensibilityGlobals) = postSolution
		SolutionGuid = {76AA90EF-5DE0-49C8-A327-0DDE6C5BBCC1}
	EndGlobalSection
	GlobalSection(TeamFoundationVersionControl) = preSolution
		SccNumberOfProjects = 2
		SccEnterpriseProvider = {4CA58AB2-18FA-4F8D-95D4-32DDF27D184C}
		SccTeamFoundationServer = https://dev.azure.com/jersonb
		SccLocalPath0 = .
		SccProjectUniqueName1 = DataFiscalLocal\\DataFiscalLocal.csproj
		SccProjectName1 = DataFiscalLocal
		SccLocalPath1 = DataFiscalLocal
	EndGlobalSection
EndGlobal
